
Microsoft Visual Studio Solution File, Format Version 12.00
# Visual Studio 15
VisualStudioVersion = 15.0.28307.2017
MinimumVisualStudioVersion = 10.0.40219.1
Project("{FAE04EC0-301F-11D3-BF4B-00C04F79EFBC}") = "001-开始", "001-开始\001-开始.csproj", "{8FA54E09-EF57-482E-802A-52F32CB4BF38}"
EndProject
Project("{FAE04EC0-301F-11D3-BF4B-00C04F79EFBC}") = "002-练习", "002-练习\002-练习.csproj", "{8A107A90-1159-4B77-BBB9-BDE38D7F379A}"
EndProject
Project("{FAE04EC0-301F-11D3-BF4B-00C04F79EFBC}") = "003-变量", "003-变量\003-变量.csproj", "{32A65F54-709F-4868-B631-ED743D88EDE3}"
EndProject
Project("{FAE04EC0-301F-11D3-BF4B-00C04F79EFBC}") = "004-字符类型", "004-字符类型\004-字符类型.csproj", "{8C92696D-9BEF-414B-89F9-29173EE9730E}"
EndProject
Project("{FAE04EC0-301F-11D3-BF4B-00C04F79EFBC}") = "005-练习", "005-练习\005-练习.csproj", "{A62FB6FF-A4A0-4F8C-BA7E-DD04C649582A}"
EndProject
Project("{FAE04EC0-301F-11D3-BF4B-00C04F79EFBC}") = "006-变量研究", "006-变量研究\006-变量研究.csproj", "{6D1C6D8B-24CC-4652-A5CF-7E8A7C17AA41}"
EndProject
Project("{FAE04EC0-301F-11D3-BF4B-00C04F79EFBC}") = "007-数学运算符", "007-数学运算符\007-数学运算符.csproj", "{FF918A41-994B-4183-A2B3-C4909DAE020B}"
EndProject
Project("{FAE04EC0-301F-11D3-BF4B-00C04F79EFBC}") = "008-自增自减运算符", "008-自增自减运算符\008-自增自减运算符.csproj", "{AF4148DE-2D1A-40A6-847E-0A48C5157F37}"
EndProject
Project("{FAE04EC0-301F-11D3-BF4B-00C04F79EFBC}") = "009-关系运算符和布尔类型", "009-关系运算符和布尔类型\009-关系运算符和布尔类型.csproj", "{F116AAE0-E7B2-4582-94FF-6951B8BA8F47}"
EndProject
Project("{FAE04EC0-301F-11D3-BF4B-00C04F79EFBC}") = "010-逻辑运算符", "010-逻辑运算符\010-逻辑运算符.csproj", "{718B07BE-00ED-4241-BBD6-DCC575F0EC08}"
EndProject
Project("{FAE04EC0-301F-11D3-BF4B-00C04F79EFBC}") = "011-运算符的优先级", "011-运算符的优先级\011-运算符的优先级.csproj", "{30994CAA-7AF5-41B3-B603-0691B8F4DE52}"
EndProject
Project("{FAE04EC0-301F-11D3-BF4B-00C04F79EFBC}") = "012-编程", "012-编程\012-编程.csproj", "{AC0E79EB-5543-48A9-BFA5-45262CEF3F88}"
EndProject
Project("{FAE04EC0-301F-11D3-BF4B-00C04F79EFBC}") = "013-条件语句-if语句", "013-条件语句-if语句\013-条件语句-if语句.csproj", "{4D2FDC5A-5405-424D-B2F1-277D638A5689}"
EndProject
Project("{FAE04EC0-301F-11D3-BF4B-00C04F79EFBC}") = "014-编程", "014-编程\014-编程.csproj", "{103330F7-CD89-4884-A103-76EB931751EC}"
EndProject
Project("{FAE04EC0-301F-11D3-BF4B-00C04F79EFBC}") = "015-编程", "015-编程\015-编程.csproj", "{89EDA695-ADE9-4420-8966-BD81234B5D0F}"
EndProject
Project("{FAE04EC0-301F-11D3-BF4B-00C04F79EFBC}") = "016-switch分支语句", "016-switch分支语句\016-switch分支语句.csproj", "{81A5AEAD-CE67-4DCD-BC2A-F149FC9378DE}"
EndProject
Project("{FAE04EC0-301F-11D3-BF4B-00C04F79EFBC}") = "017-编程", "017-编程\017-编程.csproj", "{208A3CE1-ADB5-4D99-96A1-8D365E9C09D9}"
EndProject
Project("{FAE04EC0-301F-11D3-BF4B-00C04F79EFBC}") = "018-循环语句-while循环", "018-循环语句-while循环\018-循环语句-while循环.csproj", "{929C7889-595B-4542-B671-699F9A36A6AB}"
EndProject
Project("{FAE04EC0-301F-11D3-BF4B-00C04F79EFBC}") = "019-while循环-编程", "019-while循环-编程\019-while循环-编程.csproj", "{06FC55A0-BE15-4683-83D8-76656D5D09D2}"
EndProject
Project("{FAE04EC0-301F-11D3-BF4B-00C04F79EFBC}") = "020-for循环", "020-for循环\020-for循环.csproj", "{C1E510DA-A4E7-4BAE-B305-0B1623433EAC}"
EndProject
Project("{FAE04EC0-301F-11D3-BF4B-00C04F79EFBC}") = "021-do-while循环", "021-do-while循环\021-do-while循环.csproj", "{6087437C-5490-496F-B7E6-4518868ECBB4}"
EndProject
Project("{FAE04EC0-301F-11D3-BF4B-00C04F79EFBC}") = "022-变量的作用域", "022-变量的作用域\022-变量的作用域.csproj", "{BA8A7C22-56CB-46B1-87B0-E3BEDE4E4F93}"
EndProject
Project("{FAE04EC0-301F-11D3-BF4B-00C04F79EFBC}") = "023-编程", "023-编程题\023-编程.csproj", "{151475F9-7420-4CBB-B058-BFCF10F0EC62}"
EndProject
Project("{FAE04EC0-301F-11D3-BF4B-00C04F79EFBC}") = "024-字符读取和编程", "024-字符读取和编程\024-字符读取和编程.csproj", "{E72DF24D-615A-4EC4-80CB-89D4346CE6F1}"
EndProject
Project("{FAE04EC0-301F-11D3-BF4B-00C04F79EFBC}") = "025-循环中的continue", "025-循环中的continue\025-循环中的continue.csproj", "{D579542D-1476-43F0-A96C-BAF95EA0D6BD}"
EndProject
Project("{FAE04EC0-301F-11D3-BF4B-00C04F79EFBC}") = "026-循环嵌套", "026-循环嵌套\026-循环嵌套.csproj", "{1EDEC92A-A265-45B5-A162-30F14B546DD8}"
EndProject
Project("{FAE04EC0-301F-11D3-BF4B-00C04F79EFBC}") = "027-猜数字", "027-猜数字\027-猜数字.csproj", "{9B7DDC96-2199-4529-8FED-CA00611A153F}"
EndProject
Project("{FAE04EC0-301F-11D3-BF4B-00C04F79EFBC}") = "028-全部数据类型", "028-全部数据类型\028-全部数据类型.csproj", "{C047EB16-C213-4C27-BA2D-D2898A69B2CC}"
EndProject
Project("{FAE04EC0-301F-11D3-BF4B-00C04F79EFBC}") = "029-数组", "029-数组\029-数组.csproj", "{6F99E8DF-BA6C-4F7F-9D61-95B569EA7E9A}"
EndProject
Project("{FAE04EC0-301F-11D3-BF4B-00C04F79EFBC}") = "030-字符串", "030-字符串\030-字符串.csproj", "{DD0CC013-A8D2-45DA-80CD-189A21DA8128}"
EndProject
Project("{FAE04EC0-301F-11D3-BF4B-00C04F79EFBC}") = "031-编程", "031-编程\031-编程.csproj", "{7C8FF511-420A-46A0-93C8-327C12F310F0}"
EndProject
Project("{FAE04EC0-301F-11D3-BF4B-00C04F79EFBC}") = "032-编程", "032-编程\032-编程.csproj", "{C1FEFE80-CF65-4B6D-96FD-1D3C83B879FE}"
EndProject
Project("{FAE04EC0-301F-11D3-BF4B-00C04F79EFBC}") = "033-编程-排序", "033-编程-排序\033-编程-排序.csproj", "{0E564682-1213-4F19-A20B-0E97657D7DBD}"
EndProject
Project("{FAE04EC0-301F-11D3-BF4B-00C04F79EFBC}") = "034-编程", "034-编程\034-编程.csproj", "{55C33499-3516-4215-BD91-B20DFFCF425C}"
EndProject
Project("{FAE04EC0-301F-11D3-BF4B-00C04F79EFBC}") = "035-模拟法-张三的零花钱", "035-模拟法-张三的零花钱\035-模拟法-张三的零花钱.csproj", "{737D7E6B-D8BB-4651-AB63-F2BDC2274F85}"
EndProject
Project("{FAE04EC0-301F-11D3-BF4B-00C04F79EFBC}") = "036-函数", "036-函数\036-函数.csproj", "{F96DDC4C-0307-41DC-827C-9E0830B47C72}"
EndProject
Project("{FAE04EC0-301F-11D3-BF4B-00C04F79EFBC}") = "037-真素数", "037-真素数\037-真素数.csproj", "{78F2CDAD-191E-4AE7-9AEF-143434913032}"
EndProject
Project("{FAE04EC0-301F-11D3-BF4B-00C04F79EFBC}") = "038-参数数组", "038-参数数组\038-参数数组.csproj", "{0A9466B6-A92E-47F8-BB73-249ACEDD4D27}"
EndProject
Project("{FAE04EC0-301F-11D3-BF4B-00C04F79EFBC}") = "039-编程", "039-编程\039-编程.csproj", "{9D64D954-47BD-475F-8AB6-8C451B97874B}"
EndProject
Project("{FAE04EC0-301F-11D3-BF4B-00C04F79EFBC}") = "040-方法的重载", "040-方法的重载\040-方法的重载.csproj", "{2D81C5CA-7CF2-446F-A5AA-21597CD75FA9}"
EndProject
Project("{FAE04EC0-301F-11D3-BF4B-00C04F79EFBC}") = "041-方法的递归调用", "041-方法的递归调用\041-方法的递归调用.csproj", "{8E3A6DB0-D2DE-47F5-B813-4D90A93D5129}"
EndProject
Project("{FAE04EC0-301F-11D3-BF4B-00C04F79EFBC}") = "042-方法的递归调用-练习", "042-方法的递归调用-练习\042-方法的递归调用-练习.csproj", "{AF560900-4124-4941-9228-20A86466AEA4}"
EndProject
Project("{FAE04EC0-301F-11D3-BF4B-00C04F79EFBC}") = "043-方法的递归调用-练习", "043-方法的递归调用-练习\043-方法的递归调用-练习.csproj", "{5AB4E610-9CE0-4181-960E-C2758DB3BFD3}"
EndProject
Project("{FAE04EC0-301F-11D3-BF4B-00C04F79EFBC}") = "044-常量", "044-常量\044-常量.csproj", "{7366F5C9-6406-400F-9BBD-06F8331FAEFD}"
EndProject
Project("{FAE04EC0-301F-11D3-BF4B-00C04F79EFBC}") = "045-枚举", "045-枚举\045-枚举.csproj", "{DEC0BE6F-4AAA-4481-AD03-EC21EE8599B5}"
EndProject
Project("{FAE04EC0-301F-11D3-BF4B-00C04F79EFBC}") = "046-结构体", "046-结构体\046-结构体.csproj", "{862436BA-64D3-4A71-B57C-721585E9FED2}"
EndProject
Project("{FAE04EC0-301F-11D3-BF4B-00C04F79EFBC}") = "047-结构体-Vector3", "047-结构体-Vector3\047-结构体-Vector3.csproj", "{A3C846B7-7C08-4187-8B29-CAFB4270EB28}"
EndProject
Project("{FAE04EC0-301F-11D3-BF4B-00C04F79EFBC}") = "048-委托", "048-委托\048-委托.csproj", "{B714983C-1644-4F0D-8EC9-5C70B1827505}"
EndProject
Project("{FAE04EC0-301F-11D3-BF4B-00C04F79EFBC}") = "049-委托-案例", "049-委托-案例\049-委托-案例.csproj", "{6B30706A-99D2-4732-AB46-80A53E35B2D0}"
EndProject
Global
	GlobalSection(SolutionConfigurationPlatforms) = preSolution
		Debug|Any CPU = Debug|Any CPU
		Release|Any CPU = Release|Any CPU
	EndGlobalSection
	GlobalSection(ProjectConfigurationPlatforms) = postSolution
		{8FA54E09-EF57-482E-802A-52F32CB4BF38}.Debug|Any CPU.ActiveCfg = Debug|Any CPU
		{8FA54E09-EF57-482E-802A-52F32CB4BF38}.Debug|Any CPU.Build.0 = Debug|Any CPU
		{8FA54E09-EF57-482E-802A-52F32CB4BF38}.Release|Any CPU.ActiveCfg = Release|Any CPU
		{8FA54E09-EF57-482E-802A-52F32CB4BF38}.Release|Any CPU.Build.0 = Release|Any CPU
		{8A107A90-1159-4B77-BBB9-BDE38D7F379A}.Debug|Any CPU.ActiveCfg = Debug|Any CPU
		{8A107A90-1159-4B77-BBB9-BDE38D7F379A}.Debug|Any CPU.Build.0 = Debug|Any CPU
		{8A107A90-1159-4B77-BBB9-BDE38D7F379A}.Release|Any CPU.ActiveCfg = Release|Any CPU
		{8A107A90-1159-4B77-BBB9-BDE38D7F379A}.Release|Any CPU.Build.0 = Release|Any CPU
		{32A65F54-709F-4868-B631-ED743D88EDE3}.Debug|Any CPU.ActiveCfg = Debug|Any CPU
		{32A65F54-709F-4868-B631-ED743D88EDE3}.Debug|Any CPU.Build.0 = Debug|Any CPU
		{32A65F54-709F-4868-B631-ED743D88EDE3}.Release|Any CPU.ActiveCfg = Release|Any CPU
		{32A65F54-709F-4868-B631-ED743D88EDE3}.Release|Any CPU.Build.0 = Release|Any CPU
		{8C92696D-9BEF-414B-89F9-29173EE9730E}.Debug|Any CPU.ActiveCfg = Debug|Any CPU
		{8C92696D-9BEF-414B-89F9-29173EE9730E}.Debug|Any CPU.Build.0 = Debug|Any CPU
		{8C92696D-9BEF-414B-89F9-29173EE9730E}.Release|Any CPU.ActiveCfg = Release|Any CPU
		{8C92696D-9BEF-414B-89F9-29173EE9730E}.Release|Any CPU.Build.0 = Release|Any CPU
		{A62FB6FF-A4A0-4F8C-BA7E-DD04C649582A}.Debug|Any CPU.ActiveCfg = Debug|Any CPU
		{A62FB6FF-A4A0-4F8C-BA7E-DD04C649582A}.Debug|Any CPU.Build.0 = Debug|Any CPU
		{A62FB6FF-A4A0-4F8C-BA7E-DD04C649582A}.Release|Any CPU.ActiveCfg = Release|Any CPU
		{A62FB6FF-A4A0-4F8C-BA7E-DD04C649582A}.Release|Any CPU.Build.0 = Release|Any CPU
		{6D1C6D8B-24CC-4652-A5CF-7E8A7C17AA41}.Debug|Any CPU.ActiveCfg = Debug|Any CPU
		{6D1C6D8B-24CC-4652-A5CF-7E8A7C17AA41}.Debug|Any CPU.Build.0 = Debug|Any CPU
		{6D1C6D8B-24CC-4652-A5CF-7E8A7C17AA41}.Release|Any CPU.ActiveCfg = Release|Any CPU
		{6D1C6D8B-24CC-4652-A5CF-7E8A7C17AA41}.Release|Any CPU.Build.0 = Release|Any CPU
		{FF918A41-994B-4183-A2B3-C4909DAE020B}.Debug|Any CPU.ActiveCfg = Debug|Any CPU
		{FF918A41-994B-4183-A2B3-C4909DAE020B}.Debug|Any CPU.Build.0 = Debug|Any CPU
		{FF918A41-994B-4183-A2B3-C4909DAE020B}.Release|Any CPU.ActiveCfg = Release|Any CPU
		{FF918A41-994B-4183-A2B3-C4909DAE020B}.Release|Any CPU.Build.0 = Release|Any CPU
		{AF4148DE-2D1A-40A6-847E-0A48C5157F37}.Debug|Any CPU.ActiveCfg = Debug|Any CPU
		{AF4148DE-2D1A-40A6-847E-0A48C5157F37}.Debug|Any CPU.Build.0 = Debug|Any CPU
		{AF4148DE-2D1A-40A6-847E-0A48C5157F37}.Release|Any CPU.ActiveCfg = Release|Any CPU
		{AF4148DE-2D1A-40A6-847E-0A48C5157F37}.Release|Any CPU.Build.0 = Release|Any CPU
		{F116AAE0-E7B2-4582-94FF-6951B8BA8F47}.Debug|Any CPU.ActiveCfg = Debug|Any CPU
		{F116AAE0-E7B2-4582-94FF-6951B8BA8F47}.Debug|Any CPU.Build.0 = Debug|Any CPU
		{F116AAE0-E7B2-4582-94FF-6951B8BA8F47}.Release|Any CPU.ActiveCfg = Release|Any CPU
		{F116AAE0-E7B2-4582-94FF-6951B8BA8F47}.Release|Any CPU.Build.0 = Release|Any CPU
		{718B07BE-00ED-4241-BBD6-DCC575F0EC08}.Debug|Any CPU.ActiveCfg = Debug|Any CPU
		{718B07BE-00ED-4241-BBD6-DCC575F0EC08}.Debug|Any CPU.Build.0 = Debug|Any CPU
		{718B07BE-00ED-4241-BBD6-DCC575F0EC08}.Release|Any CPU.ActiveCfg = Release|Any CPU
		{718B07BE-00ED-4241-BBD6-DCC575F0EC08}.Release|Any CPU.Build.0 = Release|Any CPU
		{30994CAA-7AF5-41B3-B603-0691B8F4DE52}.Debug|Any CPU.ActiveCfg = Debug|Any CPU
		{30994CAA-7AF5-41B3-B603-0691B8F4DE52}.Debug|Any CPU.Build.0 = Debug|Any CPU
		{30994CAA-7AF5-41B3-B603-0691B8F4DE52}.Release|Any CPU.ActiveCfg = Release|Any CPU
		{30994CAA-7AF5-41B3-B603-0691B8F4DE52}.Release|Any CPU.Build.0 = Release|Any CPU
		{AC0E79EB-5543-48A9-BFA5-45262CEF3F88}.Debug|Any CPU.ActiveCfg = Debug|Any CPU
		{AC0E79EB-5543-48A9-BFA5-45262CEF3F88}.Debug|Any CPU.Build.0 = Debug|Any CPU
		{AC0E79EB-5543-48A9-BFA5-45262CEF3F88}.Release|Any CPU.ActiveCfg = Release|Any CPU
		{AC0E79EB-5543-48A9-BFA5-45262CEF3F88}.Release|Any CPU.Build.0 = Release|Any CPU
		{4D2FDC5A-5405-424D-B2F1-277D638A5689}.Debug|Any CPU.ActiveCfg = Debug|Any CPU
		{4D2FDC5A-5405-424D-B2F1-277D638A5689}.Debug|Any CPU.Build.0 = Debug|Any CPU
		{4D2FDC5A-5405-424D-B2F1-277D638A5689}.Release|Any CPU.ActiveCfg = Release|Any CPU
		{4D2FDC5A-5405-424D-B2F1-277D638A5689}.Release|Any CPU.Build.0 = Release|Any CPU
		{103330F7-CD89-4884-A103-76EB931751EC}.Debug|Any CPU.ActiveCfg = Debug|Any CPU
		{103330F7-CD89-4884-A103-76EB931751EC}.Debug|Any CPU.Build.0 = Debug|Any CPU
		{103330F7-CD89-4884-A103-76EB931751EC}.Release|Any CPU.ActiveCfg = Release|Any CPU
		{103330F7-CD89-4884-A103-76EB931751EC}.Release|Any CPU.Build.0 = Release|Any CPU
		{89EDA695-ADE9-4420-8966-BD81234B5D0F}.Debug|Any CPU.ActiveCfg = Debug|Any CPU
		{89EDA695-ADE9-4420-8966-BD81234B5D0F}.Debug|Any CPU.Build.0 = Debug|Any CPU
		{89EDA695-ADE9-4420-8966-BD81234B5D0F}.Release|Any CPU.ActiveCfg = Release|Any CPU
		{89EDA695-ADE9-4420-8966-BD81234B5D0F}.Release|Any CPU.Build.0 = Release|Any CPU
		{81A5AEAD-CE67-4DCD-BC2A-F149FC9378DE}.Debug|Any CPU.ActiveCfg = Debug|Any CPU
		{81A5AEAD-CE67-4DCD-BC2A-F149FC9378DE}.Debug|Any CPU.Build.0 = Debug|Any CPU
		{81A5AEAD-CE67-4DCD-BC2A-F149FC9378DE}.Release|Any CPU.ActiveCfg = Release|Any CPU
		{81A5AEAD-CE67-4DCD-BC2A-F149FC9378DE}.Release|Any CPU.Build.0 = Release|Any CPU
		{208A3CE1-ADB5-4D99-96A1-8D365E9C09D9}.Debug|Any CPU.ActiveCfg = Debug|Any CPU
		{208A3CE1-ADB5-4D99-96A1-8D365E9C09D9}.Debug|Any CPU.Build.0 = Debug|Any CPU
		{208A3CE1-ADB5-4D99-96A1-8D365E9C09D9}.Release|Any CPU.ActiveCfg = Release|Any CPU
		{208A3CE1-ADB5-4D99-96A1-8D365E9C09D9}.Release|Any CPU.Build.0 = Release|Any CPU
		{929C7889-595B-4542-B671-699F9A36A6AB}.Debug|Any CPU.ActiveCfg = Debug|Any CPU
		{929C7889-595B-4542-B671-699F9A36A6AB}.Debug|Any CPU.Build.0 = Debug|Any CPU
		{929C7889-595B-4542-B671-699F9A36A6AB}.Release|Any CPU.ActiveCfg = Release|Any CPU
		{929C7889-595B-4542-B671-699F9A36A6AB}.Release|Any CPU.Build.0 = Release|Any CPU
		{06FC55A0-BE15-4683-83D8-76656D5D09D2}.Debug|Any CPU.ActiveCfg = Debug|Any CPU
		{06FC55A0-BE15-4683-83D8-76656D5D09D2}.Debug|Any CPU.Build.0 = Debug|Any CPU
		{06FC55A0-BE15-4683-83D8-76656D5D09D2}.Release|Any CPU.ActiveCfg = Release|Any CPU
		{06FC55A0-BE15-4683-83D8-76656D5D09D2}.Release|Any CPU.Build.0 = Release|Any CPU
		{C1E510DA-A4E7-4BAE-B305-0B1623433EAC}.Debug|Any CPU.ActiveCfg = Debug|Any CPU
		{C1E510DA-A4E7-4BAE-B305-0B1623433EAC}.Debug|Any CPU.Build.0 = Debug|Any CPU
		{C1E510DA-A4E7-4BAE-B305-0B1623433EAC}.Release|Any CPU.ActiveCfg = Release|Any CPU
		{C1E510DA-A4E7-4BAE-B305-0B1623433EAC}.Release|Any CPU.Build.0 = Release|Any CPU
		{6087437C-5490-496F-B7E6-4518868ECBB4}.Debug|Any CPU.ActiveCfg = Debug|Any CPU
		{6087437C-5490-496F-B7E6-4518868ECBB4}.Debug|Any CPU.Build.0 = Debug|Any CPU
		{6087437C-5490-496F-B7E6-4518868ECBB4}.Release|Any CPU.ActiveCfg = Release|Any CPU
		{6087437C-5490-496F-B7E6-4518868ECBB4}.Release|Any CPU.Build.0 = Release|Any CPU
		{BA8A7C22-56CB-46B1-87B0-E3BEDE4E4F93}.Debug|Any CPU.ActiveCfg = Debug|Any CPU
		{BA8A7C22-56CB-46B1-87B0-E3BEDE4E4F93}.Debug|Any CPU.Build.0 = Debug|Any CPU
		{BA8A7C22-56CB-46B1-87B0-E3BEDE4E4F93}.Release|Any CPU.ActiveCfg = Release|Any CPU
		{BA8A7C22-56CB-46B1-87B0-E3BEDE4E4F93}.Release|Any CPU.Build.0 = Release|Any CPU
		{151475F9-7420-4CBB-B058-BFCF10F0EC62}.Debug|Any CPU.ActiveCfg = Debug|Any CPU
		{151475F9-7420-4CBB-B058-BFCF10F0EC62}.Debug|Any CPU.Build.0 = Debug|Any CPU
		{151475F9-7420-4CBB-B058-BFCF10F0EC62}.Release|Any CPU.ActiveCfg = Release|Any CPU
		{151475F9-7420-4CBB-B058-BFCF10F0EC62}.Release|Any CPU.Build.0 = Release|Any CPU
		{E72DF24D-615A-4EC4-80CB-89D4346CE6F1}.Debug|Any CPU.ActiveCfg = Debug|Any CPU
		{E72DF24D-615A-4EC4-80CB-89D4346CE6F1}.Debug|Any CPU.Build.0 = Debug|Any CPU
		{E72DF24D-615A-4EC4-80CB-89D4346CE6F1}.Release|Any CPU.ActiveCfg = Release|Any CPU
		{E72DF24D-615A-4EC4-80CB-89D4346CE6F1}.Release|Any CPU.Build.0 = Release|Any CPU
		{D579542D-1476-43F0-A96C-BAF95EA0D6BD}.Debug|Any CPU.ActiveCfg = Debug|Any CPU
		{D579542D-1476-43F0-A96C-BAF95EA0D6BD}.Debug|Any CPU.Build.0 = Debug|Any CPU
		{D579542D-1476-43F0-A96C-BAF95EA0D6BD}.Release|Any CPU.ActiveCfg = Release|Any CPU
		{D579542D-1476-43F0-A96C-BAF95EA0D6BD}.Release|Any CPU.Build.0 = Release|Any CPU
		{1EDEC92A-A265-45B5-A162-30F14B546DD8}.Debug|Any CPU.ActiveCfg = Debug|Any CPU
		{1EDEC92A-A265-45B5-A162-30F14B546DD8}.Debug|Any CPU.Build.0 = Debug|Any CPU
		{1EDEC92A-A265-45B5-A162-30F14B546DD8}.Release|Any CPU.ActiveCfg = Release|Any CPU
		{1EDEC92A-A265-45B5-A162-30F14B546DD8}.Release|Any CPU.Build.0 = Release|Any CPU
		{9B7DDC96-2199-4529-8FED-CA00611A153F}.Debug|Any CPU.ActiveCfg = Debug|Any CPU
		{9B7DDC96-2199-4529-8FED-CA00611A153F}.Debug|Any CPU.Build.0 = Debug|Any CPU
		{9B7DDC96-2199-4529-8FED-CA00611A153F}.Release|Any CPU.ActiveCfg = Release|Any CPU
		{9B7DDC96-2199-4529-8FED-CA00611A153F}.Release|Any CPU.Build.0 = Release|Any CPU
		{C047EB16-C213-4C27-BA2D-D2898A69B2CC}.Debug|Any CPU.ActiveCfg = Debug|Any CPU
		{C047EB16-C213-4C27-BA2D-D2898A69B2CC}.Debug|Any CPU.Build.0 = Debug|Any CPU
		{C047EB16-C213-4C27-BA2D-D2898A69B2CC}.Release|Any CPU.ActiveCfg = Release|Any CPU
		{C047EB16-C213-4C27-BA2D-D2898A69B2CC}.Release|Any CPU.Build.0 = Release|Any CPU
		{6F99E8DF-BA6C-4F7F-9D61-95B569EA7E9A}.Debug|Any CPU.ActiveCfg = Debug|Any CPU
		{6F99E8DF-BA6C-4F7F-9D61-95B569EA7E9A}.Debug|Any CPU.Build.0 = Debug|Any CPU
		{6F99E8DF-BA6C-4F7F-9D61-95B569EA7E9A}.Release|Any CPU.ActiveCfg = Release|Any CPU
		{6F99E8DF-BA6C-4F7F-9D61-95B569EA7E9A}.Release|Any CPU.Build.0 = Release|Any CPU
		{DD0CC013-A8D2-45DA-80CD-189A21DA8128}.Debug|Any CPU.ActiveCfg = Debug|Any CPU
		{DD0CC013-A8D2-45DA-80CD-189A21DA8128}.Debug|Any CPU.Build.0 = Debug|Any CPU
		{DD0CC013-A8D2-45DA-80CD-189A21DA8128}.Release|Any CPU.ActiveCfg = Release|Any CPU
		{DD0CC013-A8D2-45DA-80CD-189A21DA8128}.Release|Any CPU.Build.0 = Release|Any CPU
		{7C8FF511-420A-46A0-93C8-327C12F310F0}.Debug|Any CPU.ActiveCfg = Debug|Any CPU
		{7C8FF511-420A-46A0-93C8-327C12F310F0}.Debug|Any CPU.Build.0 = Debug|Any CPU
		{7C8FF511-420A-46A0-93C8-327C12F310F0}.Release|Any CPU.ActiveCfg = Release|Any CPU
		{7C8FF511-420A-46A0-93C8-327C12F310F0}.Release|Any CPU.Build.0 = Release|Any CPU
		{C1FEFE80-CF65-4B6D-96FD-1D3C83B879FE}.Debug|Any CPU.ActiveCfg = Debug|Any CPU
		{C1FEFE80-CF65-4B6D-96FD-1D3C83B879FE}.Debug|Any CPU.Build.0 = Debug|Any CPU
		{C1FEFE80-CF65-4B6D-96FD-1D3C83B879FE}.Release|Any CPU.ActiveCfg = Release|Any CPU
		{C1FEFE80-CF65-4B6D-96FD-1D3C83B879FE}.Release|Any CPU.Build.0 = Release|Any CPU
		{0E564682-1213-4F19-A20B-0E97657D7DBD}.Debug|Any CPU.ActiveCfg = Debug|Any CPU
		{0E564682-1213-4F19-A20B-0E97657D7DBD}.Debug|Any CPU.Build.0 = Debug|Any CPU
		{0E564682-1213-4F19-A20B-0E97657D7DBD}.Release|Any CPU.ActiveCfg = Release|Any CPU
		{0E564682-1213-4F19-A20B-0E97657D7DBD}.Release|Any CPU.Build.0 = Release|Any CPU
		{55C33499-3516-4215-BD91-B20DFFCF425C}.Debug|Any CPU.ActiveCfg = Debug|Any CPU
		{55C33499-3516-4215-BD91-B20DFFCF425C}.Debug|Any CPU.Build.0 = Debug|Any CPU
		{55C33499-3516-4215-BD91-B20DFFCF425C}.Release|Any CPU.ActiveCfg = Release|Any CPU
		{55C33499-3516-4215-BD91-B20DFFCF425C}.Release|Any CPU.Build.0 = Release|Any CPU
		{737D7E6B-D8BB-4651-AB63-F2BDC2274F85}.Debug|Any CPU.ActiveCfg = Debug|Any CPU
		{737D7E6B-D8BB-4651-AB63-F2BDC2274F85}.Debug|Any CPU.Build.0 = Debug|Any CPU
		{737D7E6B-D8BB-4651-AB63-F2BDC2274F85}.Release|Any CPU.ActiveCfg = Release|Any CPU
		{737D7E6B-D8BB-4651-AB63-F2BDC2274F85}.Release|Any CPU.Build.0 = Release|Any CPU
		{F96DDC4C-0307-41DC-827C-9E0830B47C72}.Debug|Any CPU.ActiveCfg = Debug|Any CPU
		{F96DDC4C-0307-41DC-827C-9E0830B47C72}.Debug|Any CPU.Build.0 = Debug|Any CPU
		{F96DDC4C-0307-41DC-827C-9E0830B47C72}.Release|Any CPU.ActiveCfg = Release|Any CPU
		{F96DDC4C-0307-41DC-827C-9E0830B47C72}.Release|Any CPU.Build.0 = Release|Any CPU
		{78F2CDAD-191E-4AE7-9AEF-143434913032}.Debug|Any CPU.ActiveCfg = Debug|Any CPU
		{78F2CDAD-191E-4AE7-9AEF-143434913032}.Debug|Any CPU.Build.0 = Debug|Any CPU
		{78F2CDAD-191E-4AE7-9AEF-143434913032}.Release|Any CPU.ActiveCfg = Release|Any CPU
		{78F2CDAD-191E-4AE7-9AEF-143434913032}.Release|Any CPU.Build.0 = Release|Any CPU
		{0A9466B6-A92E-47F8-BB73-249ACEDD4D27}.Debug|Any CPU.ActiveCfg = Debug|Any CPU
		{0A9466B6-A92E-47F8-BB73-249ACEDD4D27}.Debug|Any CPU.Build.0 = Debug|Any CPU
		{0A9466B6-A92E-47F8-BB73-249ACEDD4D27}.Release|Any CPU.ActiveCfg = Release|Any CPU
		{0A9466B6-A92E-47F8-BB73-249ACEDD4D27}.Release|Any CPU.Build.0 = Release|Any CPU
		{9D64D954-47BD-475F-8AB6-8C451B97874B}.Debug|Any CPU.ActiveCfg = Debug|Any CPU
		{9D64D954-47BD-475F-8AB6-8C451B97874B}.Debug|Any CPU.Build.0 = Debug|Any CPU
		{9D64D954-47BD-475F-8AB6-8C451B97874B}.Release|Any CPU.ActiveCfg = Release|Any CPU
		{9D64D954-47BD-475F-8AB6-8C451B97874B}.Release|Any CPU.Build.0 = Release|Any CPU
		{2D81C5CA-7CF2-446F-A5AA-21597CD75FA9}.Debug|Any CPU.ActiveCfg = Debug|Any CPU
		{2D81C5CA-7CF2-446F-A5AA-21597CD75FA9}.Debug|Any CPU.Build.0 = Debug|Any CPU
		{2D81C5CA-7CF2-446F-A5AA-21597CD75FA9}.Release|Any CPU.ActiveCfg = Release|Any CPU
		{2D81C5CA-7CF2-446F-A5AA-21597CD75FA9}.Release|Any CPU.Build.0 = Release|Any CPU
		{8E3A6DB0-D2DE-47F5-B813-4D90A93D5129}.Debug|Any CPU.ActiveCfg = Debug|Any CPU
		{8E3A6DB0-D2DE-47F5-B813-4D90A93D5129}.Debug|Any CPU.Build.0 = Debug|Any CPU
		{8E3A6DB0-D2DE-47F5-B813-4D90A93D5129}.Release|Any CPU.ActiveCfg = Release|Any CPU
		{8E3A6DB0-D2DE-47F5-B813-4D90A93D5129}.Release|Any CPU.Build.0 = Release|Any CPU
		{AF560900-4124-4941-9228-20A86466AEA4}.Debug|Any CPU.ActiveCfg = Debug|Any CPU
		{AF560900-4124-4941-9228-20A86466AEA4}.Debug|Any CPU.Build.0 = Debug|Any CPU
		{AF560900-4124-4941-9228-20A86466AEA4}.Release|Any CPU.ActiveCfg = Release|Any CPU
		{AF560900-4124-4941-9228-20A86466AEA4}.Release|Any CPU.Build.0 = Release|Any CPU
		{5AB4E610-9CE0-4181-960E-C2758DB3BFD3}.Debug|Any CPU.ActiveCfg = Debug|Any CPU
		{5AB4E610-9CE0-4181-960E-C2758DB3BFD3}.Debug|Any CPU.Build.0 = Debug|Any CPU
		{5AB4E610-9CE0-4181-960E-C2758DB3BFD3}.Release|Any CPU.ActiveCfg = Release|Any CPU
		{5AB4E610-9CE0-4181-960E-C2758DB3BFD3}.Release|Any CPU.Build.0 = Release|Any CPU
		{7366F5C9-6406-400F-9BBD-06F8331FAEFD}.Debug|Any CPU.ActiveCfg = Debug|Any CPU
		{7366F5C9-6406-400F-9BBD-06F8331FAEFD}.Debug|Any CPU.Build.0 = Debug|Any CPU
		{7366F5C9-6406-400F-9BBD-06F8331FAEFD}.Release|Any CPU.ActiveCfg = Release|Any CPU
		{7366F5C9-6406-400F-9BBD-06F8331FAEFD}.Release|Any CPU.Build.0 = Release|Any CPU
		{DEC0BE6F-4AAA-4481-AD03-EC21EE8599B5}.Debug|Any CPU.ActiveCfg = Debug|Any CPU
		{DEC0BE6F-4AAA-4481-AD03-EC21EE8599B5}.Debug|Any CPU.Build.0 = Debug|Any CPU
		{DEC0BE6F-4AAA-4481-AD03-EC21EE8599B5}.Release|Any CPU.ActiveCfg = Release|Any CPU
		{DEC0BE6F-4AAA-4481-AD03-EC21EE8599B5}.Release|Any CPU.Build.0 = Release|Any CPU
		{862436BA-64D3-4A71-B57C-721585E9FED2}.Debug|Any CPU.ActiveCfg = Debug|Any CPU
		{862436BA-64D3-4A71-B57C-721585E9FED2}.Debug|Any CPU.Build.0 = Debug|Any CPU
		{862436BA-64D3-4A71-B57C-721585E9FED2}.Release|Any CPU.ActiveCfg = Release|Any CPU
		{862436BA-64D3-4A71-B57C-721585E9FED2}.Release|Any CPU.Build.0 = Release|Any CPU
		{A3C846B7-7C08-4187-8B29-CAFB4270EB28}.Debug|Any CPU.ActiveCfg = Debug|Any CPU
		{A3C846B7-7C08-4187-8B29-CAFB4270EB28}.Debug|Any CPU.Build.0 = Debug|Any CPU
		{A3C846B7-7C08-4187-8B29-CAFB4270EB28}.Release|Any CPU.ActiveCfg = Release|Any CPU
		{A3C846B7-7C08-4187-8B29-CAFB4270EB28}.Release|Any CPU.Build.0 = Release|Any CPU
		{B714983C-1644-4F0D-8EC9-5C70B1827505}.Debug|Any CPU.ActiveCfg = Debug|Any CPU
		{B714983C-1644-4F0D-8EC9-5C70B1827505}.Debug|Any CPU.Build.0 = Debug|Any CPU
		{B714983C-1644-4F0D-8EC9-5C70B1827505}.Release|Any CPU.ActiveCfg = Release|Any CPU
		{B714983C-1644-4F0D-8EC9-5C70B1827505}.Release|Any CPU.Build.0 = Release|Any CPU
		{6B30706A-99D2-4732-AB46-80A53E35B2D0}.Debug|Any CPU.ActiveCfg = Debug|Any CPU
		{6B30706A-99D2-4732-AB46-80A53E35B2D0}.Debug|Any CPU.Build.0 = Debug|Any CPU
		{6B30706A-99D2-4732-AB46-80A53E35B2D0}.Release|Any CPU.ActiveCfg = Release|Any CPU
		{6B30706A-99D2-4732-AB46-80A53E35B2D0}.Release|Any CPU.Build.0 = Release|Any CPU
	EndGlobalSection
	GlobalSection(SolutionProperties) = preSolution
		HideSolutionNode = FALSE
	EndGlobalSection
	GlobalSection(ExtensibilityGlobals) = postSolution
		SolutionGuid = {F548112B-ED4C-4A61-87D9-299CE736EE23}
	EndGlobalSection
EndGlobal
