
Microsoft Visual Studio Solution File, Format Version 12.00
# Visual Studio 15
VisualStudioVersion = 15.0.28307.2017
MinimumVisualStudioVersion = 10.0.40219.1
Project("{FAE04EC0-301F-11D3-BF4B-00C04F79EFBC}") = "001-调试和错误处理", "CSharp编程第二季：面向对象\001-调试和错误处理.csproj", "{21738158-B8ED-4147-BBB3-AB79F75F8155}"
EndProject
Project("{FAE04EC0-301F-11D3-BF4B-00C04F79EFBC}") = "002-异常处理", "002-异常处理\002-异常处理.csproj", "{A3A888FC-458E-4216-814E-1FFA6B628D78}"
EndProject
Project("{FAE04EC0-301F-11D3-BF4B-00C04F79EFBC}") = "003-监测非法数据", "003-监测非法数据\003-监测非法数据.csproj", "{4074C0DC-A434-482B-BCA0-66419AF071FC}"
EndProject
Project("{FAE04EC0-301F-11D3-BF4B-00C04F79EFBC}") = "004-面向对象", "004-面向对象\004-面向对象.csproj", "{1DC4F3DF-3E68-4B75-AA41-4F610B8DBDA0}"
EndProject
Project("{FAE04EC0-301F-11D3-BF4B-00C04F79EFBC}") = "005-属性", "005-属性\005-属性.csproj", "{0FBC5B33-10A3-406F-9A48-00DA41D114E8}"
EndProject
Project("{FAE04EC0-301F-11D3-BF4B-00C04F79EFBC}") = "006-值类型和引用类型的内存存储", "006-值类型和引用类型的内存存储\006-值类型和引用类型的内存存储.csproj", "{72FB7EA2-05BF-491F-A9B5-5E22B61D30A9}"
EndProject
Project("{FAE04EC0-301F-11D3-BF4B-00C04F79EFBC}") = "007-继承", "007-继承\007-继承.csproj", "{BEE6955B-39F6-4686-A598-4E13D5B9FFAE}"
EndProject
Project("{FAE04EC0-301F-11D3-BF4B-00C04F79EFBC}") = "008-虚方法", "008-虚方法\008-虚方法.csproj", "{B8222BDE-A6DC-4801-95C7-914521767800}"
EndProject
Project("{FAE04EC0-301F-11D3-BF4B-00C04F79EFBC}") = "009-抽象类", "009-抽象类\009-抽象类.csproj", "{11C490C5-DD71-4A87-B93B-452A7FFEB568}"
EndProject
Project("{FAE04EC0-301F-11D3-BF4B-00C04F79EFBC}") = "010-子类的构造", "010-子类的构造\010-子类的构造.csproj", "{E70A4166-B6FD-48D3-98CC-7BBF34D37B2C}"
EndProject
Project("{FAE04EC0-301F-11D3-BF4B-00C04F79EFBC}") = "011-只读字段readonly", "011-只读字段readonly\011-只读字段readonly.csproj", "{B33AC7C6-FDCA-42A3-A3F3-3A1A5E11412C}"
EndProject
Project("{FAE04EC0-301F-11D3-BF4B-00C04F79EFBC}") = "012-静态-static", "012-静态-static\012-静态-static.csproj", "{6E3F2194-2FC1-4C92-B3ED-6EE7A38F9FDC}"
EndProject
Project("{FAE04EC0-301F-11D3-BF4B-00C04F79EFBC}") = "013-接口", "013-接口\013-接口.csproj", "{D325012D-0392-4FEE-A8AF-BA2AFE72ED99}"
EndProject
Project("{FAE04EC0-301F-11D3-BF4B-00C04F79EFBC}") = "014-索引器", "014-索引器\014-索引器.csproj", "{9BD789C3-4E79-4C79-A4B3-638FD834298A}"
EndProject
Project("{FAE04EC0-301F-11D3-BF4B-00C04F79EFBC}") = "015-运算符重载", "015-运算符重载\015-运算符重载.csproj", "{BB55F007-3BD0-4D54-8FF9-391FBE6C0435}"
EndProject
Project("{FAE04EC0-301F-11D3-BF4B-00C04F79EFBC}") = "016-结构体和类的不同", "016-结构体和类的不同\016-结构体和类的不同.csproj", "{08A8DE1C-A3F0-4AA8-9251-6C67316E3BE4}"
EndProject
Project("{FAE04EC0-301F-11D3-BF4B-00C04F79EFBC}") = "017-列表List", "017-列表List\017-列表List.csproj", "{415E97AD-24FA-4934-A997-A078551892C1}"
EndProject
Project("{FAE04EC0-301F-11D3-BF4B-00C04F79EFBC}") = "018-列表的常用操作", "018-列表的常用操作\018-列表的常用操作.csproj", "{DEDA7879-BAB5-4E8D-8442-9945842FCF65}"
EndProject
Project("{FAE04EC0-301F-11D3-BF4B-00C04F79EFBC}") = "019-泛型", "019-泛型\019-泛型.csproj", "{BCEA19A4-F7A3-4C9C-A02A-932468892289}"
EndProject
Project("{FAE04EC0-301F-11D3-BF4B-00C04F79EFBC}") = "020-MyList列表", "020-MyList列表\020-MyList列表.csproj", "{1B814E5C-E6F2-40B0-9B55-063A256B220E}"
EndProject
Project("{FAE04EC0-301F-11D3-BF4B-00C04F79EFBC}") = "021-Equals判断相等", "021-Equals判断相等\021-Equals判断相等.csproj", "{070C337D-9412-4CCF-B925-2E3E758FD39D}"
EndProject
Global
	GlobalSection(SolutionConfigurationPlatforms) = preSolution
		Debug|Any CPU = Debug|Any CPU
		Release|Any CPU = Release|Any CPU
	EndGlobalSection
	GlobalSection(ProjectConfigurationPlatforms) = postSolution
		{21738158-B8ED-4147-BBB3-AB79F75F8155}.Debug|Any CPU.ActiveCfg = Debug|Any CPU
		{21738158-B8ED-4147-BBB3-AB79F75F8155}.Debug|Any CPU.Build.0 = Debug|Any CPU
		{21738158-B8ED-4147-BBB3-AB79F75F8155}.Release|Any CPU.ActiveCfg = Release|Any CPU
		{21738158-B8ED-4147-BBB3-AB79F75F8155}.Release|Any CPU.Build.0 = Release|Any CPU
		{A3A888FC-458E-4216-814E-1FFA6B628D78}.Debug|Any CPU.ActiveCfg = Debug|Any CPU
		{A3A888FC-458E-4216-814E-1FFA6B628D78}.Debug|Any CPU.Build.0 = Debug|Any CPU
		{A3A888FC-458E-4216-814E-1FFA6B628D78}.Release|Any CPU.ActiveCfg = Release|Any CPU
		{A3A888FC-458E-4216-814E-1FFA6B628D78}.Release|Any CPU.Build.0 = Release|Any CPU
		{4074C0DC-A434-482B-BCA0-66419AF071FC}.Debug|Any CPU.ActiveCfg = Debug|Any CPU
		{4074C0DC-A434-482B-BCA0-66419AF071FC}.Debug|Any CPU.Build.0 = Debug|Any CPU
		{4074C0DC-A434-482B-BCA0-66419AF071FC}.Release|Any CPU.ActiveCfg = Release|Any CPU
		{4074C0DC-A434-482B-BCA0-66419AF071FC}.Release|Any CPU.Build.0 = Release|Any CPU
		{1DC4F3DF-3E68-4B75-AA41-4F610B8DBDA0}.Debug|Any CPU.ActiveCfg = Debug|Any CPU
		{1DC4F3DF-3E68-4B75-AA41-4F610B8DBDA0}.Debug|Any CPU.Build.0 = Debug|Any CPU
		{1DC4F3DF-3E68-4B75-AA41-4F610B8DBDA0}.Release|Any CPU.ActiveCfg = Release|Any CPU
		{1DC4F3DF-3E68-4B75-AA41-4F610B8DBDA0}.Release|Any CPU.Build.0 = Release|Any CPU
		{0FBC5B33-10A3-406F-9A48-00DA41D114E8}.Debug|Any CPU.ActiveCfg = Debug|Any CPU
		{0FBC5B33-10A3-406F-9A48-00DA41D114E8}.Debug|Any CPU.Build.0 = Debug|Any CPU
		{0FBC5B33-10A3-406F-9A48-00DA41D114E8}.Release|Any CPU.ActiveCfg = Release|Any CPU
		{0FBC5B33-10A3-406F-9A48-00DA41D114E8}.Release|Any CPU.Build.0 = Release|Any CPU
		{72FB7EA2-05BF-491F-A9B5-5E22B61D30A9}.Debug|Any CPU.ActiveCfg = Debug|Any CPU
		{72FB7EA2-05BF-491F-A9B5-5E22B61D30A9}.Debug|Any CPU.Build.0 = Debug|Any CPU
		{72FB7EA2-05BF-491F-A9B5-5E22B61D30A9}.Release|Any CPU.ActiveCfg = Release|Any CPU
		{72FB7EA2-05BF-491F-A9B5-5E22B61D30A9}.Release|Any CPU.Build.0 = Release|Any CPU
		{BEE6955B-39F6-4686-A598-4E13D5B9FFAE}.Debug|Any CPU.ActiveCfg = Debug|Any CPU
		{BEE6955B-39F6-4686-A598-4E13D5B9FFAE}.Debug|Any CPU.Build.0 = Debug|Any CPU
		{BEE6955B-39F6-4686-A598-4E13D5B9FFAE}.Release|Any CPU.ActiveCfg = Release|Any CPU
		{BEE6955B-39F6-4686-A598-4E13D5B9FFAE}.Release|Any CPU.Build.0 = Release|Any CPU
		{B8222BDE-A6DC-4801-95C7-914521767800}.Debug|Any CPU.ActiveCfg = Debug|Any CPU
		{B8222BDE-A6DC-4801-95C7-914521767800}.Debug|Any CPU.Build.0 = Debug|Any CPU
		{B8222BDE-A6DC-4801-95C7-914521767800}.Release|Any CPU.ActiveCfg = Release|Any CPU
		{B8222BDE-A6DC-4801-95C7-914521767800}.Release|Any CPU.Build.0 = Release|Any CPU
		{11C490C5-DD71-4A87-B93B-452A7FFEB568}.Debug|Any CPU.ActiveCfg = Debug|Any CPU
		{11C490C5-DD71-4A87-B93B-452A7FFEB568}.Debug|Any CPU.Build.0 = Debug|Any CPU
		{11C490C5-DD71-4A87-B93B-452A7FFEB568}.Release|Any CPU.ActiveCfg = Release|Any CPU
		{11C490C5-DD71-4A87-B93B-452A7FFEB568}.Release|Any CPU.Build.0 = Release|Any CPU
		{E70A4166-B6FD-48D3-98CC-7BBF34D37B2C}.Debug|Any CPU.ActiveCfg = Debug|Any CPU
		{E70A4166-B6FD-48D3-98CC-7BBF34D37B2C}.Debug|Any CPU.Build.0 = Debug|Any CPU
		{E70A4166-B6FD-48D3-98CC-7BBF34D37B2C}.Release|Any CPU.ActiveCfg = Release|Any CPU
		{E70A4166-B6FD-48D3-98CC-7BBF34D37B2C}.Release|Any CPU.Build.0 = Release|Any CPU
		{B33AC7C6-FDCA-42A3-A3F3-3A1A5E11412C}.Debug|Any CPU.ActiveCfg = Debug|Any CPU
		{B33AC7C6-FDCA-42A3-A3F3-3A1A5E11412C}.Debug|Any CPU.Build.0 = Debug|Any CPU
		{B33AC7C6-FDCA-42A3-A3F3-3A1A5E11412C}.Release|Any CPU.ActiveCfg = Release|Any CPU
		{B33AC7C6-FDCA-42A3-A3F3-3A1A5E11412C}.Release|Any CPU.Build.0 = Release|Any CPU
		{6E3F2194-2FC1-4C92-B3ED-6EE7A38F9FDC}.Debug|Any CPU.ActiveCfg = Debug|Any CPU
		{6E3F2194-2FC1-4C92-B3ED-6EE7A38F9FDC}.Debug|Any CPU.Build.0 = Debug|Any CPU
		{6E3F2194-2FC1-4C92-B3ED-6EE7A38F9FDC}.Release|Any CPU.ActiveCfg = Release|Any CPU
		{6E3F2194-2FC1-4C92-B3ED-6EE7A38F9FDC}.Release|Any CPU.Build.0 = Release|Any CPU
		{D325012D-0392-4FEE-A8AF-BA2AFE72ED99}.Debug|Any CPU.ActiveCfg = Debug|Any CPU
		{D325012D-0392-4FEE-A8AF-BA2AFE72ED99}.Debug|Any CPU.Build.0 = Debug|Any CPU
		{D325012D-0392-4FEE-A8AF-BA2AFE72ED99}.Release|Any CPU.ActiveCfg = Release|Any CPU
		{D325012D-0392-4FEE-A8AF-BA2AFE72ED99}.Release|Any CPU.Build.0 = Release|Any CPU
		{9BD789C3-4E79-4C79-A4B3-638FD834298A}.Debug|Any CPU.ActiveCfg = Debug|Any CPU
		{9BD789C3-4E79-4C79-A4B3-638FD834298A}.Debug|Any CPU.Build.0 = Debug|Any CPU
		{9BD789C3-4E79-4C79-A4B3-638FD834298A}.Release|Any CPU.ActiveCfg = Release|Any CPU
		{9BD789C3-4E79-4C79-A4B3-638FD834298A}.Release|Any CPU.Build.0 = Release|Any CPU
		{BB55F007-3BD0-4D54-8FF9-391FBE6C0435}.Debug|Any CPU.ActiveCfg = Debug|Any CPU
		{BB55F007-3BD0-4D54-8FF9-391FBE6C0435}.Debug|Any CPU.Build.0 = Debug|Any CPU
		{BB55F007-3BD0-4D54-8FF9-391FBE6C0435}.Release|Any CPU.ActiveCfg = Release|Any CPU
		{BB55F007-3BD0-4D54-8FF9-391FBE6C0435}.Release|Any CPU.Build.0 = Release|Any CPU
		{08A8DE1C-A3F0-4AA8-9251-6C67316E3BE4}.Debug|Any CPU.ActiveCfg = Debug|Any CPU
		{08A8DE1C-A3F0-4AA8-9251-6C67316E3BE4}.Debug|Any CPU.Build.0 = Debug|Any CPU
		{08A8DE1C-A3F0-4AA8-9251-6C67316E3BE4}.Release|Any CPU.ActiveCfg = Release|Any CPU
		{08A8DE1C-A3F0-4AA8-9251-6C67316E3BE4}.Release|Any CPU.Build.0 = Release|Any CPU
		{415E97AD-24FA-4934-A997-A078551892C1}.Debug|Any CPU.ActiveCfg = Debug|Any CPU
		{415E97AD-24FA-4934-A997-A078551892C1}.Debug|Any CPU.Build.0 = Debug|Any CPU
		{415E97AD-24FA-4934-A997-A078551892C1}.Release|Any CPU.ActiveCfg = Release|Any CPU
		{415E97AD-24FA-4934-A997-A078551892C1}.Release|Any CPU.Build.0 = Release|Any CPU
		{DEDA7879-BAB5-4E8D-8442-9945842FCF65}.Debug|Any CPU.ActiveCfg = Debug|Any CPU
		{DEDA7879-BAB5-4E8D-8442-9945842FCF65}.Debug|Any CPU.Build.0 = Debug|Any CPU
		{DEDA7879-BAB5-4E8D-8442-9945842FCF65}.Release|Any CPU.ActiveCfg = Release|Any CPU
		{DEDA7879-BAB5-4E8D-8442-9945842FCF65}.Release|Any CPU.Build.0 = Release|Any CPU
		{BCEA19A4-F7A3-4C9C-A02A-932468892289}.Debug|Any CPU.ActiveCfg = Debug|Any CPU
		{BCEA19A4-F7A3-4C9C-A02A-932468892289}.Debug|Any CPU.Build.0 = Debug|Any CPU
		{BCEA19A4-F7A3-4C9C-A02A-932468892289}.Release|Any CPU.ActiveCfg = Release|Any CPU
		{BCEA19A4-F7A3-4C9C-A02A-932468892289}.Release|Any CPU.Build.0 = Release|Any CPU
		{1B814E5C-E6F2-40B0-9B55-063A256B220E}.Debug|Any CPU.ActiveCfg = Debug|Any CPU
		{1B814E5C-E6F2-40B0-9B55-063A256B220E}.Debug|Any CPU.Build.0 = Debug|Any CPU
		{1B814E5C-E6F2-40B0-9B55-063A256B220E}.Release|Any CPU.ActiveCfg = Release|Any CPU
		{1B814E5C-E6F2-40B0-9B55-063A256B220E}.Release|Any CPU.Build.0 = Release|Any CPU
		{070C337D-9412-4CCF-B925-2E3E758FD39D}.Debug|Any CPU.ActiveCfg = Debug|Any CPU
		{070C337D-9412-4CCF-B925-2E3E758FD39D}.Debug|Any CPU.Build.0 = Debug|Any CPU
		{070C337D-9412-4CCF-B925-2E3E758FD39D}.Release|Any CPU.ActiveCfg = Release|Any CPU
		{070C337D-9412-4CCF-B925-2E3E758FD39D}.Release|Any CPU.Build.0 = Release|Any CPU
	EndGlobalSection
	GlobalSection(SolutionProperties) = preSolution
		HideSolutionNode = FALSE
	EndGlobalSection
	GlobalSection(ExtensibilityGlobals) = postSolution
		SolutionGuid = {9A16E1CE-3411-4476-9B6C-5752565686F2}
	EndGlobalSection
EndGlobal
