
Microsoft Visual Studio Solution File, Format Version 12.00
# Visual Studio Version 17
VisualStudioVersion = 17.3.32819.101
MinimumVisualStudioVersion = 10.0.40219.1
Project("{9A19103F-16F7-4668-BE54-9A1E7A4F7556}") = "001-命名空间", "001-命名空间\001-命名空间.csproj", "{637DA378-B376-405D-81E4-431CADC1735B}"
EndProject
Project("{9A19103F-16F7-4668-BE54-9A1E7A4F7556}") = "002-字符串", "002-字符串\002-字符串.csproj", "{E9696212-583F-4537-B74C-48531C64C7E0}"
EndProject
Project("{9A19103F-16F7-4668-BE54-9A1E7A4F7556}") = "003-字符串StringBuilder", "003-字符串StringBuilder\003-字符串StringBuilder.csproj", "{72C2D764-E936-4992-A985-4A7ACC3F74E1}"
EndProject
Project("{9A19103F-16F7-4668-BE54-9A1E7A4F7556}") = "004-正则表达式", "004-正则表达式\004-正则表达式.csproj", "{1D54CC7E-6916-4E1F-8C7E-5D885B2473F2}"
EndProject
Project("{9A19103F-16F7-4668-BE54-9A1E7A4F7556}") = "005-委托", "005-委托\005-委托.csproj", "{043CDA74-978E-411F-A0B1-AC5FBA9CFC83}"
EndProject
Project("{9A19103F-16F7-4668-BE54-9A1E7A4F7556}") = "006-Action委托", "007-Action委托\006-Action委托.csproj", "{2BCDB5B1-EAC7-4737-AA4C-00826AEF42F6}"
EndProject
Project("{9A19103F-16F7-4668-BE54-9A1E7A4F7556}") = "007-Func委托", "008-Func委托\007-Func委托.csproj", "{F206FB6C-CBA0-4FAE-860F-C01E59937B59}"
EndProject
Project("{9A19103F-16F7-4668-BE54-9A1E7A4F7556}") = "008-利用委托升级冒泡排序", "008-利用委托升级冒泡排序\008-利用委托升级冒泡排序.csproj", "{0C7E339D-E2DE-4800-B0F9-098A08EFFCCC}"
EndProject
Project("{9A19103F-16F7-4668-BE54-9A1E7A4F7556}") = "009-多播委托", "009-多播委托\009-多播委托.csproj", "{2E315C56-D431-4746-BB31-4AD374AF1A39}"
EndProject
Project("{9A19103F-16F7-4668-BE54-9A1E7A4F7556}") = "010-匿名方法和Lambda表达式", "010-匿名方法和Lambda表达式\010-匿名方法和Lambda表达式.csproj", "{329CE5B4-6624-4328-B871-39F559801D94}"
EndProject
Project("{9A19103F-16F7-4668-BE54-9A1E7A4F7556}") = "011-工具人下楼", "011-工具人下楼\011-工具人下楼.csproj", "{F6765D6A-E1AB-43C8-9FB6-B080E33617C1}"
EndProject
Project("{9A19103F-16F7-4668-BE54-9A1E7A4F7556}") = "012-反射", "012-反射\012-反射.csproj", "{83CCF888-0615-4E42-AD4D-451A02B7F888}"
EndProject
Project("{9A19103F-16F7-4668-BE54-9A1E7A4F7556}") = "013-特性", "013-特性\013-特性.csproj", "{07D551BB-7EB7-4B3C-9A0C-FE40058F0A1C}"
EndProject
Project("{9A19103F-16F7-4668-BE54-9A1E7A4F7556}") = "014-自定义特性", "014-自定义特性\014-自定义特性.csproj", "{31E03DFE-49E6-46A3-9AA1-77D4A0884452}"
EndProject
Project("{9A19103F-16F7-4668-BE54-9A1E7A4F7556}") = "015-线程Thread", "015-线程Thread\015-线程Thread.csproj", "{DD8FAD8C-5B66-4CFF-B364-C13E2F040473}"
EndProject
Project("{9A19103F-16F7-4668-BE54-9A1E7A4F7556}") = "016-多线程-自定义类传递数据", "016-多线程-自定义类传递数据\016-多线程-自定义类传递数据.csproj", "{84DC8096-7F12-4F21-9D23-96FA10C78610}"
EndProject
Project("{9A19103F-16F7-4668-BE54-9A1E7A4F7556}") = "017-前台线程和后台线程", "017-前台线程和后台线程\017-前台线程和后台线程.csproj", "{34D34DF5-A08D-4921-8218-4C6921842EC9}"
EndProject
Project("{9A19103F-16F7-4668-BE54-9A1E7A4F7556}") = "018-线程的优先级", "018-线程的优先级\018-线程的优先级.csproj", "{F7D09357-8B12-4DBD-9157-95586E33D4E1}"
EndProject
Project("{9A19103F-16F7-4668-BE54-9A1E7A4F7556}") = "019-线程池", "019-线程池\019-线程池.csproj", "{F908B34E-6FEA-4622-94ED-71CC6757AC88}"
EndProject
Project("{9A19103F-16F7-4668-BE54-9A1E7A4F7556}") = "020-任务", "020-任务\020-任务.csproj", "{34B70A07-8AD9-4290-A9F7-5D44D6F4A4BA}"
EndProject
Project("{9A19103F-16F7-4668-BE54-9A1E7A4F7556}") = "021-资源访问冲突", "021-资源访问冲突\021-资源访问冲突.csproj", "{7C4A73A9-6351-4C1A-8E63-7A8551046806}"
EndProject
Project("{9A19103F-16F7-4668-BE54-9A1E7A4F7556}") = "022-文件操作", "022-文件操作\022-文件操作.csproj", "{5C91AD87-57DA-4B6D-A6FD-FFA415FA5B8D}"
EndProject
Project("{9A19103F-16F7-4668-BE54-9A1E7A4F7556}") = "023-文件操作-流", "023-文件操作-流\023-文件操作-流.csproj", "{40D05E51-12AB-453F-9F9C-23A5297C1F86}"
EndProject
Project("{9A19103F-16F7-4668-BE54-9A1E7A4F7556}") = "024-文本读取流和写入流", "024-文本读取流和写入流\024-文本读取流和写入流.csproj", "{373ED9E4-1DCA-4E43-83FB-C1DE639884F6}"
EndProject
Project("{9A19103F-16F7-4668-BE54-9A1E7A4F7556}") = "025-TCP服务器端TcpServer", "025-TCP服务器端TcpServer\025-TCP服务器端TcpServer.csproj", "{17A9AFA6-D15F-4F72-A8BA-8BA99FD3206B}"
EndProject
Project("{9A19103F-16F7-4668-BE54-9A1E7A4F7556}") = "026-TCP客户端TcpClient", "026-TCP客户端TcpClient\026-TCP客户端TcpClient.csproj", "{11502CF5-407A-45CF-98C0-76879A5954F9}"
EndProject
Project("{9A19103F-16F7-4668-BE54-9A1E7A4F7556}") = "027-UDP服务器端", "027-UDP服务器端\027-UDP服务器端.csproj", "{0C9A5188-5C84-4104-8DB3-9F11DE8A6FD2}"
EndProject
Project("{9A19103F-16F7-4668-BE54-9A1E7A4F7556}") = "028-UDP客户端", "028-UDP客户端\028-UDP客户端.csproj", "{D2DF5C3C-E526-42E4-8940-73D83BF83599}"
EndProject
Project("{9A19103F-16F7-4668-BE54-9A1E7A4F7556}") = "029-XML操作", "029-XML操作\029-XML操作.csproj", "{950A8B59-BD73-4276-B02D-E446A4BE08A8}"
EndProject
Project("{9A19103F-16F7-4668-BE54-9A1E7A4F7556}") = "030-Json操作", "030-Json操作\030-Json操作.csproj", "{2462F5BC-1132-48EE-8140-FC89EE867568}"
EndProject
Project("{FAE04EC0-301F-11D3-BF4B-00C04F79EFBC}") = "031-Excel操作", "031-Excel操作\031-Excel操作.csproj", "{D2184DCB-1EE4-4464-BE8E-79B6C51C80DE}"
EndProject
Global
	GlobalSection(SolutionConfigurationPlatforms) = preSolution
		Debug|Any CPU = Debug|Any CPU
		Release|Any CPU = Release|Any CPU
	EndGlobalSection
	GlobalSection(ProjectConfigurationPlatforms) = postSolution
		{637DA378-B376-405D-81E4-431CADC1735B}.Debug|Any CPU.ActiveCfg = Debug|Any CPU
		{637DA378-B376-405D-81E4-431CADC1735B}.Debug|Any CPU.Build.0 = Debug|Any CPU
		{637DA378-B376-405D-81E4-431CADC1735B}.Release|Any CPU.ActiveCfg = Release|Any CPU
		{637DA378-B376-405D-81E4-431CADC1735B}.Release|Any CPU.Build.0 = Release|Any CPU
		{E9696212-583F-4537-B74C-48531C64C7E0}.Debug|Any CPU.ActiveCfg = Debug|Any CPU
		{E9696212-583F-4537-B74C-48531C64C7E0}.Debug|Any CPU.Build.0 = Debug|Any CPU
		{E9696212-583F-4537-B74C-48531C64C7E0}.Release|Any CPU.ActiveCfg = Release|Any CPU
		{E9696212-583F-4537-B74C-48531C64C7E0}.Release|Any CPU.Build.0 = Release|Any CPU
		{72C2D764-E936-4992-A985-4A7ACC3F74E1}.Debug|Any CPU.ActiveCfg = Debug|Any CPU
		{72C2D764-E936-4992-A985-4A7ACC3F74E1}.Debug|Any CPU.Build.0 = Debug|Any CPU
		{72C2D764-E936-4992-A985-4A7ACC3F74E1}.Release|Any CPU.ActiveCfg = Release|Any CPU
		{72C2D764-E936-4992-A985-4A7ACC3F74E1}.Release|Any CPU.Build.0 = Release|Any CPU
		{1D54CC7E-6916-4E1F-8C7E-5D885B2473F2}.Debug|Any CPU.ActiveCfg = Debug|Any CPU
		{1D54CC7E-6916-4E1F-8C7E-5D885B2473F2}.Debug|Any CPU.Build.0 = Debug|Any CPU
		{1D54CC7E-6916-4E1F-8C7E-5D885B2473F2}.Release|Any CPU.ActiveCfg = Release|Any CPU
		{1D54CC7E-6916-4E1F-8C7E-5D885B2473F2}.Release|Any CPU.Build.0 = Release|Any CPU
		{043CDA74-978E-411F-A0B1-AC5FBA9CFC83}.Debug|Any CPU.ActiveCfg = Debug|Any CPU
		{043CDA74-978E-411F-A0B1-AC5FBA9CFC83}.Debug|Any CPU.Build.0 = Debug|Any CPU
		{043CDA74-978E-411F-A0B1-AC5FBA9CFC83}.Release|Any CPU.ActiveCfg = Release|Any CPU
		{043CDA74-978E-411F-A0B1-AC5FBA9CFC83}.Release|Any CPU.Build.0 = Release|Any CPU
		{2BCDB5B1-EAC7-4737-AA4C-00826AEF42F6}.Debug|Any CPU.ActiveCfg = Debug|Any CPU
		{2BCDB5B1-EAC7-4737-AA4C-00826AEF42F6}.Debug|Any CPU.Build.0 = Debug|Any CPU
		{2BCDB5B1-EAC7-4737-AA4C-00826AEF42F6}.Release|Any CPU.ActiveCfg = Release|Any CPU
		{2BCDB5B1-EAC7-4737-AA4C-00826AEF42F6}.Release|Any CPU.Build.0 = Release|Any CPU
		{F206FB6C-CBA0-4FAE-860F-C01E59937B59}.Debug|Any CPU.ActiveCfg = Debug|Any CPU
		{F206FB6C-CBA0-4FAE-860F-C01E59937B59}.Debug|Any CPU.Build.0 = Debug|Any CPU
		{F206FB6C-CBA0-4FAE-860F-C01E59937B59}.Release|Any CPU.ActiveCfg = Release|Any CPU
		{F206FB6C-CBA0-4FAE-860F-C01E59937B59}.Release|Any CPU.Build.0 = Release|Any CPU
		{0C7E339D-E2DE-4800-B0F9-098A08EFFCCC}.Debug|Any CPU.ActiveCfg = Debug|Any CPU
		{0C7E339D-E2DE-4800-B0F9-098A08EFFCCC}.Debug|Any CPU.Build.0 = Debug|Any CPU
		{0C7E339D-E2DE-4800-B0F9-098A08EFFCCC}.Release|Any CPU.ActiveCfg = Release|Any CPU
		{0C7E339D-E2DE-4800-B0F9-098A08EFFCCC}.Release|Any CPU.Build.0 = Release|Any CPU
		{2E315C56-D431-4746-BB31-4AD374AF1A39}.Debug|Any CPU.ActiveCfg = Debug|Any CPU
		{2E315C56-D431-4746-BB31-4AD374AF1A39}.Debug|Any CPU.Build.0 = Debug|Any CPU
		{2E315C56-D431-4746-BB31-4AD374AF1A39}.Release|Any CPU.ActiveCfg = Release|Any CPU
		{2E315C56-D431-4746-BB31-4AD374AF1A39}.Release|Any CPU.Build.0 = Release|Any CPU
		{329CE5B4-6624-4328-B871-39F559801D94}.Debug|Any CPU.ActiveCfg = Debug|Any CPU
		{329CE5B4-6624-4328-B871-39F559801D94}.Debug|Any CPU.Build.0 = Debug|Any CPU
		{329CE5B4-6624-4328-B871-39F559801D94}.Release|Any CPU.ActiveCfg = Release|Any CPU
		{329CE5B4-6624-4328-B871-39F559801D94}.Release|Any CPU.Build.0 = Release|Any CPU
		{F6765D6A-E1AB-43C8-9FB6-B080E33617C1}.Debug|Any CPU.ActiveCfg = Debug|Any CPU
		{F6765D6A-E1AB-43C8-9FB6-B080E33617C1}.Debug|Any CPU.Build.0 = Debug|Any CPU
		{F6765D6A-E1AB-43C8-9FB6-B080E33617C1}.Release|Any CPU.ActiveCfg = Release|Any CPU
		{F6765D6A-E1AB-43C8-9FB6-B080E33617C1}.Release|Any CPU.Build.0 = Release|Any CPU
		{83CCF888-0615-4E42-AD4D-451A02B7F888}.Debug|Any CPU.ActiveCfg = Debug|Any CPU
		{83CCF888-0615-4E42-AD4D-451A02B7F888}.Debug|Any CPU.Build.0 = Debug|Any CPU
		{83CCF888-0615-4E42-AD4D-451A02B7F888}.Release|Any CPU.ActiveCfg = Release|Any CPU
		{83CCF888-0615-4E42-AD4D-451A02B7F888}.Release|Any CPU.Build.0 = Release|Any CPU
		{07D551BB-7EB7-4B3C-9A0C-FE40058F0A1C}.Debug|Any CPU.ActiveCfg = Debug|Any CPU
		{07D551BB-7EB7-4B3C-9A0C-FE40058F0A1C}.Debug|Any CPU.Build.0 = Debug|Any CPU
		{07D551BB-7EB7-4B3C-9A0C-FE40058F0A1C}.Release|Any CPU.ActiveCfg = Release|Any CPU
		{07D551BB-7EB7-4B3C-9A0C-FE40058F0A1C}.Release|Any CPU.Build.0 = Release|Any CPU
		{31E03DFE-49E6-46A3-9AA1-77D4A0884452}.Debug|Any CPU.ActiveCfg = Debug|Any CPU
		{31E03DFE-49E6-46A3-9AA1-77D4A0884452}.Debug|Any CPU.Build.0 = Debug|Any CPU
		{31E03DFE-49E6-46A3-9AA1-77D4A0884452}.Release|Any CPU.ActiveCfg = Release|Any CPU
		{31E03DFE-49E6-46A3-9AA1-77D4A0884452}.Release|Any CPU.Build.0 = Release|Any CPU
		{DD8FAD8C-5B66-4CFF-B364-C13E2F040473}.Debug|Any CPU.ActiveCfg = Debug|Any CPU
		{DD8FAD8C-5B66-4CFF-B364-C13E2F040473}.Debug|Any CPU.Build.0 = Debug|Any CPU
		{DD8FAD8C-5B66-4CFF-B364-C13E2F040473}.Release|Any CPU.ActiveCfg = Release|Any CPU
		{DD8FAD8C-5B66-4CFF-B364-C13E2F040473}.Release|Any CPU.Build.0 = Release|Any CPU
		{84DC8096-7F12-4F21-9D23-96FA10C78610}.Debug|Any CPU.ActiveCfg = Debug|Any CPU
		{84DC8096-7F12-4F21-9D23-96FA10C78610}.Debug|Any CPU.Build.0 = Debug|Any CPU
		{84DC8096-7F12-4F21-9D23-96FA10C78610}.Release|Any CPU.ActiveCfg = Release|Any CPU
		{84DC8096-7F12-4F21-9D23-96FA10C78610}.Release|Any CPU.Build.0 = Release|Any CPU
		{34D34DF5-A08D-4921-8218-4C6921842EC9}.Debug|Any CPU.ActiveCfg = Debug|Any CPU
		{34D34DF5-A08D-4921-8218-4C6921842EC9}.Debug|Any CPU.Build.0 = Debug|Any CPU
		{34D34DF5-A08D-4921-8218-4C6921842EC9}.Release|Any CPU.ActiveCfg = Release|Any CPU
		{34D34DF5-A08D-4921-8218-4C6921842EC9}.Release|Any CPU.Build.0 = Release|Any CPU
		{F7D09357-8B12-4DBD-9157-95586E33D4E1}.Debug|Any CPU.ActiveCfg = Debug|Any CPU
		{F7D09357-8B12-4DBD-9157-95586E33D4E1}.Debug|Any CPU.Build.0 = Debug|Any CPU
		{F7D09357-8B12-4DBD-9157-95586E33D4E1}.Release|Any CPU.ActiveCfg = Release|Any CPU
		{F7D09357-8B12-4DBD-9157-95586E33D4E1}.Release|Any CPU.Build.0 = Release|Any CPU
		{F908B34E-6FEA-4622-94ED-71CC6757AC88}.Debug|Any CPU.ActiveCfg = Debug|Any CPU
		{F908B34E-6FEA-4622-94ED-71CC6757AC88}.Debug|Any CPU.Build.0 = Debug|Any CPU
		{F908B34E-6FEA-4622-94ED-71CC6757AC88}.Release|Any CPU.ActiveCfg = Release|Any CPU
		{F908B34E-6FEA-4622-94ED-71CC6757AC88}.Release|Any CPU.Build.0 = Release|Any CPU
		{34B70A07-8AD9-4290-A9F7-5D44D6F4A4BA}.Debug|Any CPU.ActiveCfg = Debug|Any CPU
		{34B70A07-8AD9-4290-A9F7-5D44D6F4A4BA}.Debug|Any CPU.Build.0 = Debug|Any CPU
		{34B70A07-8AD9-4290-A9F7-5D44D6F4A4BA}.Release|Any CPU.ActiveCfg = Release|Any CPU
		{34B70A07-8AD9-4290-A9F7-5D44D6F4A4BA}.Release|Any CPU.Build.0 = Release|Any CPU
		{7C4A73A9-6351-4C1A-8E63-7A8551046806}.Debug|Any CPU.ActiveCfg = Debug|Any CPU
		{7C4A73A9-6351-4C1A-8E63-7A8551046806}.Debug|Any CPU.Build.0 = Debug|Any CPU
		{7C4A73A9-6351-4C1A-8E63-7A8551046806}.Release|Any CPU.ActiveCfg = Release|Any CPU
		{7C4A73A9-6351-4C1A-8E63-7A8551046806}.Release|Any CPU.Build.0 = Release|Any CPU
		{5C91AD87-57DA-4B6D-A6FD-FFA415FA5B8D}.Debug|Any CPU.ActiveCfg = Debug|Any CPU
		{5C91AD87-57DA-4B6D-A6FD-FFA415FA5B8D}.Debug|Any CPU.Build.0 = Debug|Any CPU
		{5C91AD87-57DA-4B6D-A6FD-FFA415FA5B8D}.Release|Any CPU.ActiveCfg = Release|Any CPU
		{5C91AD87-57DA-4B6D-A6FD-FFA415FA5B8D}.Release|Any CPU.Build.0 = Release|Any CPU
		{40D05E51-12AB-453F-9F9C-23A5297C1F86}.Debug|Any CPU.ActiveCfg = Debug|Any CPU
		{40D05E51-12AB-453F-9F9C-23A5297C1F86}.Debug|Any CPU.Build.0 = Debug|Any CPU
		{40D05E51-12AB-453F-9F9C-23A5297C1F86}.Release|Any CPU.ActiveCfg = Release|Any CPU
		{40D05E51-12AB-453F-9F9C-23A5297C1F86}.Release|Any CPU.Build.0 = Release|Any CPU
		{373ED9E4-1DCA-4E43-83FB-C1DE639884F6}.Debug|Any CPU.ActiveCfg = Debug|Any CPU
		{373ED9E4-1DCA-4E43-83FB-C1DE639884F6}.Debug|Any CPU.Build.0 = Debug|Any CPU
		{373ED9E4-1DCA-4E43-83FB-C1DE639884F6}.Release|Any CPU.ActiveCfg = Release|Any CPU
		{373ED9E4-1DCA-4E43-83FB-C1DE639884F6}.Release|Any CPU.Build.0 = Release|Any CPU
		{17A9AFA6-D15F-4F72-A8BA-8BA99FD3206B}.Debug|Any CPU.ActiveCfg = Debug|Any CPU
		{17A9AFA6-D15F-4F72-A8BA-8BA99FD3206B}.Debug|Any CPU.Build.0 = Debug|Any CPU
		{17A9AFA6-D15F-4F72-A8BA-8BA99FD3206B}.Release|Any CPU.ActiveCfg = Release|Any CPU
		{17A9AFA6-D15F-4F72-A8BA-8BA99FD3206B}.Release|Any CPU.Build.0 = Release|Any CPU
		{11502CF5-407A-45CF-98C0-76879A5954F9}.Debug|Any CPU.ActiveCfg = Debug|Any CPU
		{11502CF5-407A-45CF-98C0-76879A5954F9}.Debug|Any CPU.Build.0 = Debug|Any CPU
		{11502CF5-407A-45CF-98C0-76879A5954F9}.Release|Any CPU.ActiveCfg = Release|Any CPU
		{11502CF5-407A-45CF-98C0-76879A5954F9}.Release|Any CPU.Build.0 = Release|Any CPU
		{0C9A5188-5C84-4104-8DB3-9F11DE8A6FD2}.Debug|Any CPU.ActiveCfg = Debug|Any CPU
		{0C9A5188-5C84-4104-8DB3-9F11DE8A6FD2}.Debug|Any CPU.Build.0 = Debug|Any CPU
		{0C9A5188-5C84-4104-8DB3-9F11DE8A6FD2}.Release|Any CPU.ActiveCfg = Release|Any CPU
		{0C9A5188-5C84-4104-8DB3-9F11DE8A6FD2}.Release|Any CPU.Build.0 = Release|Any CPU
		{D2DF5C3C-E526-42E4-8940-73D83BF83599}.Debug|Any CPU.ActiveCfg = Debug|Any CPU
		{D2DF5C3C-E526-42E4-8940-73D83BF83599}.Debug|Any CPU.Build.0 = Debug|Any CPU
		{D2DF5C3C-E526-42E4-8940-73D83BF83599}.Release|Any CPU.ActiveCfg = Release|Any CPU
		{D2DF5C3C-E526-42E4-8940-73D83BF83599}.Release|Any CPU.Build.0 = Release|Any CPU
		{950A8B59-BD73-4276-B02D-E446A4BE08A8}.Debug|Any CPU.ActiveCfg = Debug|Any CPU
		{950A8B59-BD73-4276-B02D-E446A4BE08A8}.Debug|Any CPU.Build.0 = Debug|Any CPU
		{950A8B59-BD73-4276-B02D-E446A4BE08A8}.Release|Any CPU.ActiveCfg = Release|Any CPU
		{950A8B59-BD73-4276-B02D-E446A4BE08A8}.Release|Any CPU.Build.0 = Release|Any CPU
		{2462F5BC-1132-48EE-8140-FC89EE867568}.Debug|Any CPU.ActiveCfg = Debug|Any CPU
		{2462F5BC-1132-48EE-8140-FC89EE867568}.Debug|Any CPU.Build.0 = Debug|Any CPU
		{2462F5BC-1132-48EE-8140-FC89EE867568}.Release|Any CPU.ActiveCfg = Release|Any CPU
		{2462F5BC-1132-48EE-8140-FC89EE867568}.Release|Any CPU.Build.0 = Release|Any CPU
		{D2184DCB-1EE4-4464-BE8E-79B6C51C80DE}.Debug|Any CPU.ActiveCfg = Debug|Any CPU
		{D2184DCB-1EE4-4464-BE8E-79B6C51C80DE}.Debug|Any CPU.Build.0 = Debug|Any CPU
		{D2184DCB-1EE4-4464-BE8E-79B6C51C80DE}.Release|Any CPU.ActiveCfg = Release|Any CPU
		{D2184DCB-1EE4-4464-BE8E-79B6C51C80DE}.Release|Any CPU.Build.0 = Release|Any CPU
	EndGlobalSection
	GlobalSection(SolutionProperties) = preSolution
		HideSolutionNode = FALSE
	EndGlobalSection
	GlobalSection(ExtensibilityGlobals) = postSolution
		SolutionGuid = {1621586F-6E91-46A1-90E7-521D73A9A18E}
	EndGlobalSection
EndGlobal
